
Microsoft Visual Studio Solution File, Format Version 12.00
# Visual Studio Version 17
VisualStudioVersion = 17.13.35818.85 d17.13
MinimumVisualStudioVersion = 10.0.40219.1
Project("{FAE04EC0-301F-11D3-BF4B-00C04F79EFBC}") = "BlazorDrawingApp", "BlazorDrawingApp\BlazorDrawingApp\BlazorDrawingApp.csproj", "{C409230A-1DF8-4DC4-B4B5-B79DBA469B9F}"
EndProject
Project("{FAE04EC0-301F-11D3-BF4B-00C04F79EFBC}") = "BlazorDrawingApp.Client", "BlazorDrawingApp\BlazorDrawingApp.Client\BlazorDrawingApp.Client.csproj", "{9807F2FA-3BE6-4A95-B83B-A163C54AB541}"
EndProject
Global
	GlobalSection(SolutionConfigurationPlatforms) = preSolution
		Debug|Any CPU = Debug|Any CPU
		Release|Any CPU = Release|Any CPU
	EndGlobalSection
	GlobalSection(ProjectConfigurationPlatforms) = postSolution
		{C409230A-1DF8-4DC4-B4B5-B79DBA469B9F}.Debug|Any CPU.ActiveCfg = Debug|Any CPU
		{C409230A-1DF8-4DC4-B4B5-B79DBA469B9F}.Debug|Any CPU.Build.0 = Debug|Any CPU
		{C409230A-1DF8-4DC4-B4B5-B79DBA469B9F}.Release|Any CPU.ActiveCfg = Release|Any CPU
		{C409230A-1DF8-4DC4-B4B5-B79DBA469B9F}.Release|Any CPU.Build.0 = Release|Any CPU
		{9807F2FA-3BE6-4A95-B83B-A163C54AB541}.Debug|Any CPU.ActiveCfg = Debug|Any CPU
		{9807F2FA-3BE6-4A95-B83B-A163C54AB541}.Debug|Any CPU.Build.0 = Debug|Any CPU
		{9807F2FA-3BE6-4A95-B83B-A163C54AB541}.Release|Any CPU.ActiveCfg = Release|Any CPU
		{9807F2FA-3BE6-4A95-B83B-A163C54AB541}.Release|Any CPU.Build.0 = Release|Any CPU
	EndGlobalSection
	GlobalSection(SolutionProperties) = preSolution
		HideSolutionNode = FALSE
	EndGlobalSection
	GlobalSection(ExtensibilityGlobals) = postSolution
		SolutionGuid = {62625278-2C5A-4ED4-A6AA-68CF9C0EB8D7}
	EndGlobalSection
EndGlobal
